// !$*UTF8*$!
{
	archiveVersion = 1;
	classes = {
	};
	objectVersion = 55;
	objects = {

/* Begin PBXBuildFile section */
		5B0692EB2808117900ECDB09 /* AppDelegate.swift in Sources */ = {isa = PBXBuildFile; fileRef = 5B0692EA2808117900ECDB09 /* AppDelegate.swift */; };
		5B0692ED2808117900ECDB09 /* SceneDelegate.swift in Sources */ = {isa = PBXBuildFile; fileRef = 5B0692EC2808117900ECDB09 /* SceneDelegate.swift */; };
		5B0692EF2808117900ECDB09 /* ViewController.swift in Sources */ = {isa = PBXBuildFile; fileRef = 5B0692EE2808117900ECDB09 /* ViewController.swift */; };
		5B0692F22808117900ECDB09 /* Main.storyboard in Resources */ = {isa = PBXBuildFile; fileRef = 5B0692F02808117900ECDB09 /* Main.storyboard */; };
		5B0692F42808117A00ECDB09 /* Assets.xcassets in Resources */ = {isa = PBXBuildFile; fileRef = 5B0692F32808117A00ECDB09 /* Assets.xcassets */; };
		5B0692F72808117A00ECDB09 /* LaunchScreen.storyboard in Resources */ = {isa = PBXBuildFile; fileRef = 5B0692F52808117A00ECDB09 /* LaunchScreen.storyboard */; };
		5B0693022808117B00ECDB09 /* MoyaRequestDemoTests.swift in Sources */ = {isa = PBXBuildFile; fileRef = 5B0693012808117B00ECDB09 /* MoyaRequestDemoTests.swift */; };
		5B06930C2808117B00ECDB09 /* MoyaRequestDemoUITests.swift in Sources */ = {isa = PBXBuildFile; fileRef = 5B06930B2808117B00ECDB09 /* MoyaRequestDemoUITests.swift */; };
		5B06930E2808117B00ECDB09 /* MoyaRequestDemoUITestsLaunchTests.swift in Sources */ = {isa = PBXBuildFile; fileRef = 5B06930D2808117B00ECDB09 /* MoyaRequestDemoUITestsLaunchTests.swift */; };
		5B06931C280811AE00ECDB09 /* API.swift in Sources */ = {isa = PBXBuildFile; fileRef = 5B06931B280811AE00ECDB09 /* API.swift */; };
		5B06931E280811E700ECDB09 /* NetworkManager.swift in Sources */ = {isa = PBXBuildFile; fileRef = 5B06931D280811E700ECDB09 /* NetworkManager.swift */; };
		5B069320280811FF00ECDB09 /* MoyaConfig.swift in Sources */ = {isa = PBXBuildFile; fileRef = 5B06931F280811FF00ECDB09 /* MoyaConfig.swift */; };
		5B069322280812E800ECDB09 /* GHItem.swift in Sources */ = {isa = PBXBuildFile; fileRef = 5B069321280812E800ECDB09 /* GHItem.swift */; };
		B2B328CFD9DAF46DF431900B /* Pods_MoyaRequestDemo.framework in Frameworks */ = {isa = PBXBuildFile; fileRef = 361C26857E64DD045C84D69F /* Pods_MoyaRequestDemo.framework */; };
/* End PBXBuildFile section */

/* Begin PBXContainerItemProxy section */
		5B0692FE2808117B00ECDB09 /* PBXContainerItemProxy */ = {
			isa = PBXContainerItemProxy;
			containerPortal = 5B0692DF2808117900ECDB09 /* Project object */;
			proxyType = 1;
			remoteGlobalIDString = 5B0692E62808117900ECDB09;
			remoteInfo = MoyaRequestDemo;
		};
		5B0693082808117B00ECDB09 /* PBXContainerItemProxy */ = {
			isa = PBXContainerItemProxy;
			containerPortal = 5B0692DF2808117900ECDB09 /* Project object */;
			proxyType = 1;
			remoteGlobalIDString = 5B0692E62808117900ECDB09;
			remoteInfo = MoyaRequestDemo;
		};
/* End PBXContainerItemProxy section */

/* Begin PBXFileReference section */
		361C26857E64DD045C84D69F /* Pods_MoyaRequestDemo.framework */ = {isa = PBXFileReference; explicitFileType = wrapper.framework; includeInIndex = 0; path = Pods_MoyaRequestDemo.framework; sourceTree = BUILT_PRODUCTS_DIR; };
		5B0692E72808117900ECDB09 /* MoyaRequestDemo.app */ = {isa = PBXFileReference; explicitFileType = wrapper.application; includeInIndex = 0; path = MoyaRequestDemo.app; sourceTree = BUILT_PRODUCTS_DIR; };
		5B0692EA2808117900ECDB09 /* AppDelegate.swift */ = {isa = PBXFileReference; lastKnownFileType = sourcecode.swift; path = AppDelegate.swift; sourceTree = "<group>"; };
		5B0692EC2808117900ECDB09 /* SceneDelegate.swift */ = {isa = PBXFileReference; lastKnownFileType = sourcecode.swift; path = SceneDelegate.swift; sourceTree = "<group>"; };
		5B0692EE2808117900ECDB09 /* ViewController.swift */ = {isa = PBXFileReference; lastKnownFileType = sourcecode.swift; path = ViewController.swift; sourceTree = "<group>"; };
		5B0692F12808117900ECDB09 /* Base */ = {isa = PBXFileReference; lastKnownFileType = file.storyboard; name = Base; path = Base.lproj/Main.storyboard; sourceTree = "<group>"; };
		5B0692F32808117A00ECDB09 /* Assets.xcassets */ = {isa = PBXFileReference; lastKnownFileType = folder.assetcatalog; path = Assets.xcassets; sourceTree = "<group>"; };
		5B0692F62808117A00ECDB09 /* Base */ = {isa = PBXFileReference; lastKnownFileType = file.storyboard; name = Base; path = Base.lproj/LaunchScreen.storyboard; sourceTree = "<group>"; };
		5B0692F82808117A00ECDB09 /* Info.plist */ = {isa = PBXFileReference; lastKnownFileType = text.plist.xml; path = Info.plist; sourceTree = "<group>"; };
		5B0692FD2808117B00ECDB09 /* MoyaRequestDemoTests.xctest */ = {isa = PBXFileReference; explicitFileType = wrapper.cfbundle; includeInIndex = 0; path = MoyaRequestDemoTests.xctest; sourceTree = BUILT_PRODUCTS_DIR; };
		5B0693012808117B00ECDB09 /* MoyaRequestDemoTests.swift */ = {isa = PBXFileReference; lastKnownFileType = sourcecode.swift; path = MoyaRequestDemoTests.swift; sourceTree = "<group>"; };
		5B0693072808117B00ECDB09 /* MoyaRequestDemoUITests.xctest */ = {isa = PBXFileReference; explicitFileType = wrapper.cfbundle; includeInIndex = 0; path = MoyaRequestDemoUITests.xctest; sourceTree = BUILT_PRODUCTS_DIR; };
		5B06930B2808117B00ECDB09 /* MoyaRequestDemoUITests.swift */ = {isa = PBXFileReference; lastKnownFileType = sourcecode.swift; path = MoyaRequestDemoUITests.swift; sourceTree = "<group>"; };
		5B06930D2808117B00ECDB09 /* MoyaRequestDemoUITestsLaunchTests.swift */ = {isa = PBXFileReference; lastKnownFileType = sourcecode.swift; path = MoyaRequestDemoUITestsLaunchTests.swift; sourceTree = "<group>"; };
		5B06931B280811AE00ECDB09 /* API.swift */ = {isa = PBXFileReference; lastKnownFileType = sourcecode.swift; path = API.swift; sourceTree = "<group>"; };
		5B06931D280811E700ECDB09 /* NetworkManager.swift */ = {isa = PBXFileReference; lastKnownFileType = sourcecode.swift; path = NetworkManager.swift; sourceTree = "<group>"; };
		5B06931F280811FF00ECDB09 /* MoyaConfig.swift */ = {isa = PBXFileReference; lastKnownFileType = sourcecode.swift; path = MoyaConfig.swift; sourceTree = "<group>"; };
		5B069321280812E800ECDB09 /* GHItem.swift */ = {isa = PBXFileReference; lastKnownFileType = sourcecode.swift; path = GHItem.swift; sourceTree = "<group>"; };
		75EC4E5C0FABC87862BE7C9F /* Pods-MoyaRequestDemo.debug.xcconfig */ = {isa = PBXFileReference; includeInIndex = 1; lastKnownFileType = text.xcconfig; name = "Pods-MoyaRequestDemo.debug.xcconfig"; path = "Target Support Files/Pods-MoyaRequestDemo/Pods-MoyaRequestDemo.debug.xcconfig"; sourceTree = "<group>"; };
		9A086B6E7E9F8F67477D1DED /* Pods-MoyaRequestDemo.release.xcconfig */ = {isa = PBXFileReference; includeInIndex = 1; lastKnownFileType = text.xcconfig; name = "Pods-MoyaRequestDemo.release.xcconfig"; path = "Target Support Files/Pods-MoyaRequestDemo/Pods-MoyaRequestDemo.release.xcconfig"; sourceTree = "<group>"; };
/* End PBXFileReference section */

/* Begin PBXFrameworksBuildPhase section */
		5B0692E42808117900ECDB09 /* Frameworks */ = {
			isa = PBXFrameworksBuildPhase;
			buildActionMask = 2147483647;
			files = (
				B2B328CFD9DAF46DF431900B /* Pods_MoyaRequestDemo.framework in Frameworks */,
			);
			runOnlyForDeploymentPostprocessing = 0;
		};
		5B0692FA2808117A00ECDB09 /* Frameworks */ = {
			isa = PBXFrameworksBuildPhase;
			buildActionMask = 2147483647;
			files = (
			);
			runOnlyForDeploymentPostprocessing = 0;
		};
		5B0693042808117B00ECDB09 /* Frameworks */ = {
			isa = PBXFrameworksBuildPhase;
			buildActionMask = 2147483647;
			files = (
			);
			runOnlyForDeploymentPostprocessing = 0;
		};
/* End PBXFrameworksBuildPhase section */

/* Begin PBXGroup section */
		47BF42A49FAB6A46D8384216 /* Frameworks */ = {
			isa = PBXGroup;
			children = (
				361C26857E64DD045C84D69F /* Pods_MoyaRequestDemo.framework */,
			);
			name = Frameworks;
			sourceTree = "<group>";
		};
		5B0692DE2808117900ECDB09 = {
			isa = PBXGroup;
			children = (
				5B0692E92808117900ECDB09 /* MoyaRequestDemo */,
				5B0693002808117B00ECDB09 /* MoyaRequestDemoTests */,
				5B06930A2808117B00ECDB09 /* MoyaRequestDemoUITests */,
				5B0692E82808117900ECDB09 /* Products */,
				FF9477AF35D80011AACAA9FF /* Pods */,
				47BF42A49FAB6A46D8384216 /* Frameworks */,
			);
			sourceTree = "<group>";
		};
		5B0692E82808117900ECDB09 /* Products */ = {
			isa = PBXGroup;
			children = (
				5B0692E72808117900ECDB09 /* MoyaRequestDemo.app */,
				5B0692FD2808117B00ECDB09 /* MoyaRequestDemoTests.xctest */,
				5B0693072808117B00ECDB09 /* MoyaRequestDemoUITests.xctest */,
			);
			name = Products;
			sourceTree = "<group>";
		};
		5B0692E92808117900ECDB09 /* MoyaRequestDemo */ = {
			isa = PBXGroup;
			children = (
				5B06931A2808119700ECDB09 /* Router */,
				5B0692EA2808117900ECDB09 /* AppDelegate.swift */,
				5B0692EC2808117900ECDB09 /* SceneDelegate.swift */,
				5B0692EE2808117900ECDB09 /* ViewController.swift */,
				5B069321280812E800ECDB09 /* GHItem.swift */,
				5B0692F02808117900ECDB09 /* Main.storyboard */,
				5B0692F32808117A00ECDB09 /* Assets.xcassets */,
				5B0692F52808117A00ECDB09 /* LaunchScreen.storyboard */,
				5B0692F82808117A00ECDB09 /* Info.plist */,
			);
			path = MoyaRequestDemo;
			sourceTree = "<group>";
		};
		5B0693002808117B00ECDB09 /* MoyaRequestDemoTests */ = {
			isa = PBXGroup;
			children = (
				5B0693012808117B00ECDB09 /* MoyaRequestDemoTests.swift */,
			);
			path = MoyaRequestDemoTests;
			sourceTree = "<group>";
		};
		5B06930A2808117B00ECDB09 /* MoyaRequestDemoUITests */ = {
			isa = PBXGroup;
			children = (
				5B06930B2808117B00ECDB09 /* MoyaRequestDemoUITests.swift */,
				5B06930D2808117B00ECDB09 /* MoyaRequestDemoUITestsLaunchTests.swift */,
			);
			path = MoyaRequestDemoUITests;
			sourceTree = "<group>";
		};
		5B06931A2808119700ECDB09 /* Router */ = {
			isa = PBXGroup;
			children = (
				5B06931B280811AE00ECDB09 /* API.swift */,
				5B06931D280811E700ECDB09 /* NetworkManager.swift */,
				5B06931F280811FF00ECDB09 /* MoyaConfig.swift */,
			);
			path = Router;
			sourceTree = "<group>";
		};
		FF9477AF35D80011AACAA9FF /* Pods */ = {
			isa = PBXGroup;
			children = (
				75EC4E5C0FABC87862BE7C9F /* Pods-MoyaRequestDemo.debug.xcconfig */,
				9A086B6E7E9F8F67477D1DED /* Pods-MoyaRequestDemo.release.xcconfig */,
			);
			path = Pods;
			sourceTree = "<group>";
		};
/* End PBXGroup section */

/* Begin PBXNativeTarget section */
		5B0692E62808117900ECDB09 /* MoyaRequestDemo */ = {
			isa = PBXNativeTarget;
			buildConfigurationList = 5B0693112808117B00ECDB09 /* Build configuration list for PBXNativeTarget "MoyaRequestDemo" */;
			buildPhases = (
				8B77FD742DD4AB10BFD1BF51 /* [CP] Check Pods Manifest.lock */,
				5B0692E32808117900ECDB09 /* Sources */,
				5B0692E42808117900ECDB09 /* Frameworks */,
				5B0692E52808117900ECDB09 /* Resources */,
				8EA1B783B9A327931AF6890F /* [CP] Embed Pods Frameworks */,
			);
			buildRules = (
			);
			dependencies = (
			);
			name = MoyaRequestDemo;
			productName = MoyaRequestDemo;
			productReference = 5B0692E72808117900ECDB09 /* MoyaRequestDemo.app */;
			productType = "com.apple.product-type.application";
		};
		5B0692FC2808117A00ECDB09 /* MoyaRequestDemoTests */ = {
			isa = PBXNativeTarget;
			buildConfigurationList = 5B0693142808117B00ECDB09 /* Build configuration list for PBXNativeTarget "MoyaRequestDemoTests" */;
			buildPhases = (
				5B0692F92808117A00ECDB09 /* Sources */,
				5B0692FA2808117A00ECDB09 /* Frameworks */,
				5B0692FB2808117A00ECDB09 /* Resources */,
			);
			buildRules = (
			);
			dependencies = (
				5B0692FF2808117B00ECDB09 /* PBXTargetDependency */,
			);
			name = MoyaRequestDemoTests;
			productName = MoyaRequestDemoTests;
			productReference = 5B0692FD2808117B00ECDB09 /* MoyaRequestDemoTests.xctest */;
			productType = "com.apple.product-type.bundle.unit-test";
		};
		5B0693062808117B00ECDB09 /* MoyaRequestDemoUITests */ = {
			isa = PBXNativeTarget;
			buildConfigurationList = 5B0693172808117B00ECDB09 /* Build configuration list for PBXNativeTarget "MoyaRequestDemoUITests" */;
			buildPhases = (
				5B0693032808117B00ECDB09 /* Sources */,
				5B0693042808117B00ECDB09 /* Frameworks */,
				5B0693052808117B00ECDB09 /* Resources */,
			);
			buildRules = (
			);
			dependencies = (
				5B0693092808117B00ECDB09 /* PBXTargetDependency */,
			);
			name = MoyaRequestDemoUITests;
			productName = MoyaRequestDemoUITests;
			productReference = 5B0693072808117B00ECDB09 /* MoyaRequestDemoUITests.xctest */;
			productType = "com.apple.product-type.bundle.ui-testing";
		};
/* End PBXNativeTarget section */

/* Begin PBXProject section */
		5B0692DF2808117900ECDB09 /* Project object */ = {
			isa = PBXProject;
			attributes = {
				BuildIndependentTargetsInParallel = 1;
				LastSwiftUpdateCheck = 1320;
				LastUpgradeCheck = 1320;
				TargetAttributes = {
					5B0692E62808117900ECDB09 = {
						CreatedOnToolsVersion = 13.2.1;
					};
					5B0692FC2808117A00ECDB09 = {
						CreatedOnToolsVersion = 13.2.1;
						TestTargetID = 5B0692E62808117900ECDB09;
					};
					5B0693062808117B00ECDB09 = {
						CreatedOnToolsVersion = 13.2.1;
						TestTargetID = 5B0692E62808117900ECDB09;
					};
				};
			};
			buildConfigurationList = 5B0692E22808117900ECDB09 /* Build configuration list for PBXProject "MoyaRequestDemo" */;
			compatibilityVersion = "Xcode 13.0";
			developmentRegion = en;
			hasScannedForEncodings = 0;
			knownRegions = (
				en,
				Base,
			);
			mainGroup = 5B0692DE2808117900ECDB09;
			productRefGroup = 5B0692E82808117900ECDB09 /* Products */;
			projectDirPath = "";
			projectRoot = "";
			targets = (
				5B0692E62808117900ECDB09 /* MoyaRequestDemo */,
				5B0692FC2808117A00ECDB09 /* MoyaRequestDemoTests */,
				5B0693062808117B00ECDB09 /* MoyaRequestDemoUITests */,
			);
		};
/* End PBXProject section */

/* Begin PBXResourcesBuildPhase section */
		5B0692E52808117900ECDB09 /* Resources */ = {
			isa = PBXResourcesBuildPhase;
			buildActionMask = 2147483647;
			files = (
				5B0692F72808117A00ECDB09 /* LaunchScreen.storyboard in Resources */,
				5B0692F42808117A00ECDB09 /* Assets.xcassets in Resources */,
				5B0692F22808117900ECDB09 /* Main.storyboard in Resources */,
			);
			runOnlyForDeploymentPostprocessing = 0;
		};
		5B0692FB2808117A00ECDB09 /* Resources */ = {
			isa = PBXResourcesBuildPhase;
			buildActionMask = 2147483647;
			files = (
			);
			runOnlyForDeploymentPostprocessing = 0;
		};
		5B0693052808117B00ECDB09 /* Resources */ = {
			isa = PBXResourcesBuildPhase;
			buildActionMask = 2147483647;
			files = (
			);
			runOnlyForDeploymentPostprocessing = 0;
		};
/* End PBXResourcesBuildPhase section */

/* Begin PBXShellScriptBuildPhase section */
		8B77FD742DD4AB10BFD1BF51 /* [CP] Check Pods Manifest.lock */ = {
			isa = PBXShellScriptBuildPhase;
			buildActionMask = 2147483647;
			files = (
			);
			inputFileListPaths = (
			);
			inputPaths = (
				"${PODS_PODFILE_DIR_PATH}/Podfile.lock",
				"${PODS_ROOT}/Manifest.lock",
			);
			name = "[CP] Check Pods Manifest.lock";
			outputFileListPaths = (
			);
			outputPaths = (
				"$(DERIVED_FILE_DIR)/Pods-MoyaRequestDemo-checkManifestLockResult.txt",
			);
			runOnlyForDeploymentPostprocessing = 0;
			shellPath = /bin/sh;
			shellScript = "diff \"${PODS_PODFILE_DIR_PATH}/Podfile.lock\" \"${PODS_ROOT}/Manifest.lock\" > /dev/null\nif [ $? != 0 ] ; then\n    # print error to STDERR\n    echo \"error: The sandbox is not in sync with the Podfile.lock. Run 'pod install' or update your CocoaPods installation.\" >&2\n    exit 1\nfi\n# This output is used by Xcode 'outputs' to avoid re-running this script phase.\necho \"SUCCESS\" > \"${SCRIPT_OUTPUT_FILE_0}\"\n";
			showEnvVarsInLog = 0;
		};
		8EA1B783B9A327931AF6890F /* [CP] Embed Pods Frameworks */ = {
			isa = PBXShellScriptBuildPhase;
			buildActionMask = 2147483647;
			files = (
			);
			inputFileListPaths = (
				"${PODS_ROOT}/Target Support Files/Pods-MoyaRequestDemo/Pods-MoyaRequestDemo-frameworks-${CONFIGURATION}-input-files.xcfilelist",
			);
			name = "[CP] Embed Pods Frameworks";
			outputFileListPaths = (
				"${PODS_ROOT}/Target Support Files/Pods-MoyaRequestDemo/Pods-MoyaRequestDemo-frameworks-${CONFIGURATION}-output-files.xcfilelist",
			);
			runOnlyForDeploymentPostprocessing = 0;
			shellPath = /bin/sh;
			shellScript = "\"${PODS_ROOT}/Target Support Files/Pods-MoyaRequestDemo/Pods-MoyaRequestDemo-frameworks.sh\"\n";
			showEnvVarsInLog = 0;
		};
/* End PBXShellScriptBuildPhase section */

/* Begin PBXSourcesBuildPhase section */
		5B0692E32808117900ECDB09 /* Sources */ = {
			isa = PBXSourcesBuildPhase;
			buildActionMask = 2147483647;
			files = (
				5B0692EF2808117900ECDB09 /* ViewController.swift in Sources */,
				5B0692EB2808117900ECDB09 /* AppDelegate.swift in Sources */,
				5B069322280812E800ECDB09 /* GHItem.swift in Sources */,
				5B06931E280811E700ECDB09 /* NetworkManager.swift in Sources */,
				5B069320280811FF00ECDB09 /* MoyaConfig.swift in Sources */,
				5B06931C280811AE00ECDB09 /* API.swift in Sources */,
				5B0692ED2808117900ECDB09 /* SceneDelegate.swift in Sources */,
			);
			runOnlyForDeploymentPostprocessing = 0;
		};
		5B0692F92808117A00ECDB09 /* Sources */ = {
			isa = PBXSourcesBuildPhase;
			buildActionMask = 2147483647;
			files = (
				5B0693022808117B00ECDB09 /* MoyaRequestDemoTests.swift in Sources */,
			);
			runOnlyForDeploymentPostprocessing = 0;
		};
		5B0693032808117B00ECDB09 /* Sources */ = {
			isa = PBXSourcesBuildPhase;
			buildActionMask = 2147483647;
			files = (
				5B06930C2808117B00ECDB09 /* MoyaRequestDemoUITests.swift in Sources */,
				5B06930E2808117B00ECDB09 /* MoyaRequestDemoUITestsLaunchTests.swift in Sources */,
			);
			runOnlyForDeploymentPostprocessing = 0;
		};
/* End PBXSourcesBuildPhase section */

/* Begin PBXTargetDependency section */
		5B0692FF2808117B00ECDB09 /* PBXTargetDependency */ = {
			isa = PBXTargetDependency;
			target = 5B0692E62808117900ECDB09 /* MoyaRequestDemo */;
			targetProxy = 5B0692FE2808117B00ECDB09 /* PBXContainerItemProxy */;
		};
		5B0693092808117B00ECDB09 /* PBXTargetDependency */ = {
			isa = PBXTargetDependency;
			target = 5B0692E62808117900ECDB09 /* MoyaRequestDemo */;
			targetProxy = 5B0693082808117B00ECDB09 /* PBXContainerItemProxy */;
		};
/* End PBXTargetDependency section */

/* Begin PBXVariantGroup section */
		5B0692F02808117900ECDB09 /* Main.storyboard */ = {
			isa = PBXVariantGroup;
			children = (
				5B0692F12808117900ECDB09 /* Base */,
			);
			name = Main.storyboard;
			sourceTree = "<group>";
		};
		5B0692F52808117A00ECDB09 /* LaunchScreen.storyboard */ = {
			isa = PBXVariantGroup;
			children = (
				5B0692F62808117A00ECDB09 /* Base */,
			);
			name = LaunchScreen.storyboard;
			sourceTree = "<group>";
		};
/* End PBXVariantGroup section */

/* Begin XCBuildConfiguration section */
		5B06930F2808117B00ECDB09 /* Debug */ = {
			isa = XCBuildConfiguration;
			buildSettings = {
				ALWAYS_SEARCH_USER_PATHS = NO;
				CLANG_ANALYZER_NONNULL = YES;
				CLANG_ANALYZER_NUMBER_OBJECT_CONVERSION = YES_AGGRESSIVE;
				CLANG_CXX_LANGUAGE_STANDARD = "gnu++17";
				CLANG_CXX_LIBRARY = "libc++";
				CLANG_ENABLE_MODULES = YES;
				CLANG_ENABLE_OBJC_ARC = YES;
				CLANG_ENABLE_OBJC_WEAK = YES;
				CLANG_WARN_BLOCK_CAPTURE_AUTORELEASING = YES;
				CLANG_WARN_BOOL_CONVERSION = YES;
				CLANG_WARN_COMMA = YES;
				CLANG_WARN_CONSTANT_CONVERSION = YES;
				CLANG_WARN_DEPRECATED_OBJC_IMPLEMENTATIONS = YES;
				CLANG_WARN_DIRECT_OBJC_ISA_USAGE = YES_ERROR;
				CLANG_WARN_DOCUMENTATION_COMMENTS = YES;
				CLANG_WARN_EMPTY_BODY = YES;
				CLANG_WARN_ENUM_CONVERSION = YES;
				CLANG_WARN_INFINITE_RECURSION = YES;
				CLANG_WARN_INT_CONVERSION = YES;
				CLANG_WARN_NON_LITERAL_NULL_CONVERSION = YES;
				CLANG_WARN_OBJC_IMPLICIT_RETAIN_SELF = YES;
				CLANG_WARN_OBJC_LITERAL_CONVERSION = YES;
				CLANG_WARN_OBJC_ROOT_CLASS = YES_ERROR;
				CLANG_WARN_QUOTED_INCLUDE_IN_FRAMEWORK_HEADER = YES;
				CLANG_WARN_RANGE_LOOP_ANALYSIS = YES;
				CLANG_WARN_STRICT_PROTOTYPES = YES;
				CLANG_WARN_SUSPICIOUS_MOVE = YES;
				CLANG_WARN_UNGUARDED_AVAILABILITY = YES_AGGRESSIVE;
				CLANG_WARN_UNREACHABLE_CODE = YES;
				CLANG_WARN__DUPLICATE_METHOD_MATCH = YES;
				COPY_PHASE_STRIP = NO;
				DEBUG_INFORMATION_FORMAT = dwarf;
				ENABLE_STRICT_OBJC_MSGSEND = YES;
				ENABLE_TESTABILITY = YES;
				GCC_C_LANGUAGE_STANDARD = gnu11;
				GCC_DYNAMIC_NO_PIC = NO;
				GCC_NO_COMMON_BLOCKS = YES;
				GCC_OPTIMIZATION_LEVEL = 0;
				GCC_PREPROCESSOR_DEFINITIONS = (
					"DEBUG=1",
					"$(inherited)",
				);
				GCC_WARN_64_TO_32_BIT_CONVERSION = YES;
				GCC_WARN_ABOUT_RETURN_TYPE = YES_ERROR;
				GCC_WARN_UNDECLARED_SELECTOR = YES;
				GCC_WARN_UNINITIALIZED_AUTOS = YES_AGGRESSIVE;
				GCC_WARN_UNUSED_FUNCTION = YES;
				GCC_WARN_UNUSED_VARIABLE = YES;
				IPHONEOS_DEPLOYMENT_TARGET = 15.2;
				MTL_ENABLE_DEBUG_INFO = INCLUDE_SOURCE;
				MTL_FAST_MATH = YES;
				ONLY_ACTIVE_ARCH = YES;
				SDKROOT = iphoneos;
				SWIFT_ACTIVE_COMPILATION_CONDITIONS = DEBUG;
				SWIFT_OPTIMIZATION_LEVEL = "-Onone";
			};
			name = Debug;
		};
		5B0693102808117B00ECDB09 /* Release */ = {
			isa = XCBuildConfiguration;
			buildSettings = {
				ALWAYS_SEARCH_USER_PATHS = NO;
				CLANG_ANALYZER_NONNULL = YES;
				CLANG_ANALYZER_NUMBER_OBJECT_CONVERSION = YES_AGGRESSIVE;
				CLANG_CXX_LANGUAGE_STANDARD = "gnu++17";
				CLANG_CXX_LIBRARY = "libc++";
				CLANG_ENABLE_MODULES = YES;
				CLANG_ENABLE_OBJC_ARC = YES;
				CLANG_ENABLE_OBJC_WEAK = YES;
				CLANG_WARN_BLOCK_CAPTURE_AUTORELEASING = YES;
				CLANG_WARN_BOOL_CONVERSION = YES;
				CLANG_WARN_COMMA = YES;
				CLANG_WARN_CONSTANT_CONVERSION = YES;
				CLANG_WARN_DEPRECATED_OBJC_IMPLEMENTATIONS = YES;
				CLANG_WARN_DIRECT_OBJC_ISA_USAGE = YES_ERROR;
				CLANG_WARN_DOCUMENTATION_COMMENTS = YES;
				CLANG_WARN_EMPTY_BODY = YES;
				CLANG_WARN_ENUM_CONVERSION = YES;
				CLANG_WARN_INFINITE_RECURSION = YES;
				CLANG_WARN_INT_CONVERSION = YES;
				CLANG_WARN_NON_LITERAL_NULL_CONVERSION = YES;
				CLANG_WARN_OBJC_IMPLICIT_RETAIN_SELF = YES;
				CLANG_WARN_OBJC_LITERAL_CONVERSION = YES;
				CLANG_WARN_OBJC_ROOT_CLASS = YES_ERROR;
				CLANG_WARN_QUOTED_INCLUDE_IN_FRAMEWORK_HEADER = YES;
				CLANG_WARN_RANGE_LOOP_ANALYSIS = YES;
				CLANG_WARN_STRICT_PROTOTYPES = YES;
				CLANG_WARN_SUSPICIOUS_MOVE = YES;
				CLANG_WARN_UNGUARDED_AVAILABILITY = YES_AGGRESSIVE;
				CLANG_WARN_UNREACHABLE_CODE = YES;
				CLANG_WARN__DUPLICATE_METHOD_MATCH = YES;
				COPY_PHASE_STRIP = NO;
				DEBUG_INFORMATION_FORMAT = "dwarf-with-dsym";
				ENABLE_NS_ASSERTIONS = NO;
				ENABLE_STRICT_OBJC_MSGSEND = YES;
				GCC_C_LANGUAGE_STANDARD = gnu11;
				GCC_NO_COMMON_BLOCKS = YES;
				GCC_WARN_64_TO_32_BIT_CONVERSION = YES;
				GCC_WARN_ABOUT_RETURN_TYPE = YES_ERROR;
				GCC_WARN_UNDECLARED_SELECTOR = YES;
				GCC_WARN_UNINITIALIZED_AUTOS = YES_AGGRESSIVE;
				GCC_WARN_UNUSED_FUNCTION = YES;
				GCC_WARN_UNUSED_VARIABLE = YES;
				IPHONEOS_DEPLOYMENT_TARGET = 15.2;
				MTL_ENABLE_DEBUG_INFO = NO;
				MTL_FAST_MATH = YES;
				SDKROOT = iphoneos;
				SWIFT_COMPILATION_MODE = wholemodule;
				SWIFT_OPTIMIZATION_LEVEL = "-O";
				VALIDATE_PRODUCT = YES;
			};
			name = Release;
		};
		5B0693122808117B00ECDB09 /* Debug */ = {
			isa = XCBuildConfiguration;
			baseConfigurationReference = 75EC4E5C0FABC87862BE7C9F /* Pods-MoyaRequestDemo.debug.xcconfig */;
			buildSettings = {
				ASSETCATALOG_COMPILER_APPICON_NAME = AppIcon;
				ASSETCATALOG_COMPILER_GLOBAL_ACCENT_COLOR_NAME = AccentColor;
				CODE_SIGN_STYLE = Automatic;
				CURRENT_PROJECT_VERSION = 1;
				DEVELOPMENT_TEAM = XZ5PNLT2U8;
				GENERATE_INFOPLIST_FILE = YES;
				INFOPLIST_FILE = MoyaRequestDemo/Info.plist;
				INFOPLIST_KEY_UIApplicationSupportsIndirectInputEvents = YES;
				INFOPLIST_KEY_UILaunchStoryboardName = LaunchScreen;
				INFOPLIST_KEY_UIMainStoryboardFile = Main;
				INFOPLIST_KEY_UISupportedInterfaceOrientations_iPad = "UIInterfaceOrientationPortrait UIInterfaceOrientationPortraitUpsideDown UIInterfaceOrientationLandscapeLeft UIInterfaceOrientationLandscapeRight";
				INFOPLIST_KEY_UISupportedInterfaceOrientations_iPhone = "UIInterfaceOrientationPortrait UIInterfaceOrientationLandscapeLeft UIInterfaceOrientationLandscapeRight";
				LD_RUNPATH_SEARCH_PATHS = (
					"$(inherited)",
					"@executable_path/Frameworks",
				);
				MARKETING_VERSION = 1.0;
				PRODUCT_BUNDLE_IDENTIFIER = voidxin.MoyaRequestDemo;
				PRODUCT_NAME = "$(TARGET_NAME)";
				SWIFT_EMIT_LOC_STRINGS = YES;
				SWIFT_VERSION = 5.0;
				TARGETED_DEVICE_FAMILY = "1,2";
			};
			name = Debug;
		};
		5B0693132808117B00ECDB09 /* Release */ = {
			isa = XCBuildConfiguration;
			baseConfigurationReference = 9A086B6E7E9F8F67477D1DED /* Pods-MoyaRequestDemo.release.xcconfig */;
			buildSettings = {
				ASSETCATALOG_COMPILER_APPICON_NAME = AppIcon;
				ASSETCATALOG_COMPILER_GLOBAL_ACCENT_COLOR_NAME = AccentColor;
				CODE_SIGN_STYLE = Automatic;
				CURRENT_PROJECT_VERSION = 1;
				DEVELOPMENT_TEAM = XZ5PNLT2U8;
				GENERATE_INFOPLIST_FILE = YES;
				INFOPLIST_FILE = MoyaRequestDemo/Info.plist;
				INFOPLIST_KEY_UIApplicationSupportsIndirectInputEvents = YES;
				INFOPLIST_KEY_UILaunchStoryboardName = LaunchScreen;
				INFOPLIST_KEY_UIMainStoryboardFile = Main;
				INFOPLIST_KEY_UISupportedInterfaceOrientations_iPad = "UIInterfaceOrientationPortrait UIInterfaceOrientationPortraitUpsideDown UIInterfaceOrientationLandscapeLeft UIInterfaceOrientationLandscapeRight";
				INFOPLIST_KEY_UISupportedInterfaceOrientations_iPhone = "UIInterfaceOrientationPortrait UIInterfaceOrientationLandscapeLeft UIInterfaceOrientationLandscapeRight";
				LD_RUNPATH_SEARCH_PATHS = (
					"$(inherited)",
					"@executable_path/Frameworks",
				);
				MARKETING_VERSION = 1.0;
				PRODUCT_BUNDLE_IDENTIFIER = voidxin.MoyaRequestDemo;
				PRODUCT_NAME = "$(TARGET_NAME)";
				SWIFT_EMIT_LOC_STRINGS = YES;
				SWIFT_VERSION = 5.0;
				TARGETED_DEVICE_FAMILY = "1,2";
			};
			name = Release;
		};
		5B0693152808117B00ECDB09 /* Debug */ = {
			isa = XCBuildConfiguration;
			buildSettings = {
				ALWAYS_EMBED_SWIFT_STANDARD_LIBRARIES = YES;
				BUNDLE_LOADER = "$(TEST_HOST)";
				CODE_SIGN_STYLE = Automatic;
				CURRENT_PROJECT_VERSION = 1;
				DEVELOPMENT_TEAM = XZ5PNLT2U8;
				GENERATE_INFOPLIST_FILE = YES;
				IPHONEOS_DEPLOYMENT_TARGET = 15.2;
				MARKETING_VERSION = 1.0;
				PRODUCT_BUNDLE_IDENTIFIER = voidxin.MoyaRequestDemoTests;
				PRODUCT_NAME = "$(TARGET_NAME)";
				SWIFT_EMIT_LOC_STRINGS = NO;
				SWIFT_VERSION = 5.0;
				TARGETED_DEVICE_FAMILY = "1,2";
				TEST_HOST = "$(BUILT_PRODUCTS_DIR)/MoyaRequestDemo.app/MoyaRequestDemo";
			};
			name = Debug;
		};
		5B0693162808117B00ECDB09 /* Release */ = {
			isa = XCBuildConfiguration;
			buildSettings = {
				ALWAYS_EMBED_SWIFT_STANDARD_LIBRARIES = YES;
				BUNDLE_LOADER = "$(TEST_HOST)";
				CODE_SIGN_STYLE = Automatic;
				CURRENT_PROJECT_VERSION = 1;
				DEVELOPMENT_TEAM = XZ5PNLT2U8;
				GENERATE_INFOPLIST_FILE = YES;
				IPHONEOS_DEPLOYMENT_TARGET = 15.2;
				MARKETING_VERSION = 1.0;
				PRODUCT_BUNDLE_IDENTIFIER = voidxin.MoyaRequestDemoTests;
				PRODUCT_NAME = "$(TARGET_NAME)";
				SWIFT_EMIT_LOC_STRINGS = NO;
				SWIFT_VERSION = 5.0;
				TARGETED_DEVICE_FAMILY = "1,2";
				TEST_HOST = "$(BUILT_PRODUCTS_DIR)/MoyaRequestDemo.app/MoyaRequestDemo";
			};
			name = Release;
		};
		5B0693182808117B00ECDB09 /* Debug */ = {
			isa = XCBuildConfiguration;
			buildSettings = {
				ALWAYS_EMBED_SWIFT_STANDARD_LIBRARIES = YES;
				CODE_SIGN_STYLE = Automatic;
				CURRENT_PROJECT_VERSION = 1;
				DEVELOPMENT_TEAM = XZ5PNLT2U8;
				GENERATE_INFOPLIST_FILE = YES;
				MARKETING_VERSION = 1.0;
				PRODUCT_BUNDLE_IDENTIFIER = voidxin.MoyaRequestDemoUITests;
				PRODUCT_NAME = "$(TARGET_NAME)";
				SWIFT_EMIT_LOC_STRINGS = NO;
				SWIFT_VERSION = 5.0;
				TARGETED_DEVICE_FAMILY = "1,2";
				TEST_TARGET_NAME = MoyaRequestDemo;
			};
			name = Debug;
		};
		5B0693192808117B00ECDB09 /* Release */ = {
			isa = XCBuildConfiguration;
			buildSettings = {
				ALWAYS_EMBED_SWIFT_STANDARD_LIBRARIES = YES;
				CODE_SIGN_STYLE = Automatic;
				CURRENT_PROJECT_VERSION = 1;
				DEVELOPMENT_TEAM = XZ5PNLT2U8;
				GENERATE_INFOPLIST_FILE = YES;
				MARKETING_VERSION = 1.0;
				PRODUCT_BUNDLE_IDENTIFIER = voidxin.MoyaRequestDemoUITests;
				PRODUCT_NAME = "$(TARGET_NAME)";
				SWIFT_EMIT_LOC_STRINGS = NO;
				SWIFT_VERSION = 5.0;
				TARGETED_DEVICE_FAMILY = "1,2";
				TEST_TARGET_NAME = MoyaRequestDemo;
			};
			name = Release;
		};
/* End XCBuildConfiguration section */

/* Begin XCConfigurationList section */
		5B0692E22808117900ECDB09 /* Build configuration list for PBXProject "MoyaRequestDemo" */ = {
			isa = XCConfigurationList;
			buildConfigurations = (
				5B06930F2808117B00ECDB09 /* Debug */,
				5B0693102808117B00ECDB09 /* Release */,
			);
			defaultConfigurationIsVisible = 0;
			defaultConfigurationName = Release;
		};
		5B0693112808117B00ECDB09 /* Build configuration list for PBXNativeTarget "MoyaRequestDemo" */ = {
			isa = XCConfigurationList;
			buildConfigurations = (
				5B0693122808117B00ECDB09 /* Debug */,
				5B0693132808117B00ECDB09 /* Release */,
			);
			defaultConfigurationIsVisible = 0;
			defaultConfigurationName = Release;
		};
		5B0693142808117B00ECDB09 /* Build configuration list for PBXNativeTarget "MoyaRequestDemoTests" */ = {
			isa = XCConfigurationList;
			buildConfigurations = (
				5B0693152808117B00ECDB09 /* Debug */,
				5B0693162808117B00ECDB09 /* Release */,
			);
			defaultConfigurationIsVisible = 0;
			defaultConfigurationName = Release;
		};
		5B0693172808117B00ECDB09 /* Build configuration list for PBXNativeTarget "MoyaRequestDemoUITests" */ = {
			isa = XCConfigurationList;
			buildConfigurations = (
				5B0693182808117B00ECDB09 /* Debug */,
				5B0693192808117B00ECDB09 /* Release */,
			);
			defaultConfigurationIsVisible = 0;
			defaultConfigurationName = Release;
		};
/* End XCConfigurationList section */
	};
	rootObject = 5B0692DF2808117900ECDB09 /* Project object */;
}
